
Microsoft Visual Studio Solution File, Format Version 12.00
# Visual Studio 15
VisualStudioVersion = 15.0.27004.2002
MinimumVisualStudioVersion = 10.0.40219.1
Project("{FAE04EC0-301F-11D3-BF4B-00C04F79EFBC}") = "ClassLibrary1", "ClassLibrary1\ClassLibrary1.csproj", "{6C4BBFF8-5BE5-46A4-B570-39600EB6CC9B}"
EndProject
Project("{FAE04EC0-301F-11D3-BF4B-00C04F79EFBC}") = "ConnectedLayer", "ConnectedLayer\ConnectedLayer.csproj", "{B99212D8-E55F-4F95-96C5-D5352E18B14E}"
EndProject
Project("{FAE04EC0-301F-11D3-BF4B-00C04F79EFBC}") = "AutoLotCUIClient", "AutoLotCUIClient\AutoLotCUIClient.csproj", "{CD67478A-2D29-4525-AF3F-DCBF4A00C7B5}"
EndProject
Global
	GlobalSection(SolutionConfigurationPlatforms) = preSolution
		Debug|Any CPU = Debug|Any CPU
		Release|Any CPU = Release|Any CPU
	EndGlobalSection
	GlobalSection(ProjectConfigurationPlatforms) = postSolution
		{6C4BBFF8-5BE5-46A4-B570-39600EB6CC9B}.Debug|Any CPU.ActiveCfg = Debug|Any CPU
		{6C4BBFF8-5BE5-46A4-B570-39600EB6CC9B}.Debug|Any CPU.Build.0 = Debug|Any CPU
		{6C4BBFF8-5BE5-46A4-B570-39600EB6CC9B}.Release|Any CPU.ActiveCfg = Release|Any CPU
		{6C4BBFF8-5BE5-46A4-B570-39600EB6CC9B}.Release|Any CPU.Build.0 = Release|Any CPU
		{B99212D8-E55F-4F95-96C5-D5352E18B14E}.Debug|Any CPU.ActiveCfg = Debug|Any CPU
		{B99212D8-E55F-4F95-96C5-D5352E18B14E}.Debug|Any CPU.Build.0 = Debug|Any CPU
		{B99212D8-E55F-4F95-96C5-D5352E18B14E}.Release|Any CPU.ActiveCfg = Release|Any CPU
		{B99212D8-E55F-4F95-96C5-D5352E18B14E}.Release|Any CPU.Build.0 = Release|Any CPU
		{CD67478A-2D29-4525-AF3F-DCBF4A00C7B5}.Debug|Any CPU.ActiveCfg = Debug|Any CPU
		{CD67478A-2D29-4525-AF3F-DCBF4A00C7B5}.Debug|Any CPU.Build.0 = Debug|Any CPU
		{CD67478A-2D29-4525-AF3F-DCBF4A00C7B5}.Release|Any CPU.ActiveCfg = Release|Any CPU
		{CD67478A-2D29-4525-AF3F-DCBF4A00C7B5}.Release|Any CPU.Build.0 = Release|Any CPU
	EndGlobalSection
	GlobalSection(SolutionProperties) = preSolution
		HideSolutionNode = FALSE
	EndGlobalSection
	GlobalSection(ExtensibilityGlobals) = postSolution
		SolutionGuid = {667D0860-D415-4798-BF73-97FF07C54817}
	EndGlobalSection
EndGlobal
