
Microsoft Visual Studio Solution File, Format Version 12.00
# Visual Studio 15
VisualStudioVersion = 15.0.27004.2002
MinimumVisualStudioVersion = 10.0.40219.1
Project("{FAE04EC0-301F-11D3-BF4B-00C04F79EFBC}") = "ClassLibrary2", "ClassLibrary2\ClassLibrary2.csproj", "{4C29A10B-8D3A-4DA0-B4A3-940EE4FBD19C}"
EndProject
Project("{FAE04EC0-301F-11D3-BF4B-00C04F79EFBC}") = "ConsoleApp1", "ConsoleApp1\ConsoleApp1.csproj", "{0B4D4EC8-D356-4512-973E-4E8B446A1122}"
EndProject
Global
	GlobalSection(SolutionConfigurationPlatforms) = preSolution
		Debug|Any CPU = Debug|Any CPU
		Release|Any CPU = Release|Any CPU
	EndGlobalSection
	GlobalSection(ProjectConfigurationPlatforms) = postSolution
		{4C29A10B-8D3A-4DA0-B4A3-940EE4FBD19C}.Debug|Any CPU.ActiveCfg = Debug|Any CPU
		{4C29A10B-8D3A-4DA0-B4A3-940EE4FBD19C}.Debug|Any CPU.Build.0 = Debug|Any CPU
		{4C29A10B-8D3A-4DA0-B4A3-940EE4FBD19C}.Release|Any CPU.ActiveCfg = Release|Any CPU
		{4C29A10B-8D3A-4DA0-B4A3-940EE4FBD19C}.Release|Any CPU.Build.0 = Release|Any CPU
		{0B4D4EC8-D356-4512-973E-4E8B446A1122}.Debug|Any CPU.ActiveCfg = Debug|Any CPU
		{0B4D4EC8-D356-4512-973E-4E8B446A1122}.Debug|Any CPU.Build.0 = Debug|Any CPU
		{0B4D4EC8-D356-4512-973E-4E8B446A1122}.Release|Any CPU.ActiveCfg = Release|Any CPU
		{0B4D4EC8-D356-4512-973E-4E8B446A1122}.Release|Any CPU.Build.0 = Release|Any CPU
	EndGlobalSection
	GlobalSection(SolutionProperties) = preSolution
		HideSolutionNode = FALSE
	EndGlobalSection
	GlobalSection(ExtensibilityGlobals) = postSolution
		SolutionGuid = {EBA1AB24-897E-470D-9004-97C34288FDD1}
	EndGlobalSection
EndGlobal
