
Microsoft Visual Studio Solution File, Format Version 12.00
# Visual Studio 15
VisualStudioVersion = 15.0.27004.2002
MinimumVisualStudioVersion = 10.0.40219.1
Project("{FAE04EC0-301F-11D3-BF4B-00C04F79EFBC}") = "ConsoleApp193", "ConsoleApp193\ConsoleApp193.csproj", "{2E846EB0-E61E-4D64-95EF-B4A140492993}"
EndProject
Project("{FAE04EC0-301F-11D3-BF4B-00C04F79EFBC}") = "WcfServiceLibrary1", "WcfServiceLibrary1\WcfServiceLibrary1.csproj", "{B4148E69-54A7-4F06-B5B6-07B37CCEE7E8}"
EndProject
Global
	GlobalSection(SolutionConfigurationPlatforms) = preSolution
		Debug|Any CPU = Debug|Any CPU
		Release|Any CPU = Release|Any CPU
	EndGlobalSection
	GlobalSection(ProjectConfigurationPlatforms) = postSolution
		{2E846EB0-E61E-4D64-95EF-B4A140492993}.Debug|Any CPU.ActiveCfg = Debug|Any CPU
		{2E846EB0-E61E-4D64-95EF-B4A140492993}.Debug|Any CPU.Build.0 = Debug|Any CPU
		{2E846EB0-E61E-4D64-95EF-B4A140492993}.Release|Any CPU.ActiveCfg = Release|Any CPU
		{2E846EB0-E61E-4D64-95EF-B4A140492993}.Release|Any CPU.Build.0 = Release|Any CPU
		{B4148E69-54A7-4F06-B5B6-07B37CCEE7E8}.Debug|Any CPU.ActiveCfg = Debug|Any CPU
		{B4148E69-54A7-4F06-B5B6-07B37CCEE7E8}.Debug|Any CPU.Build.0 = Debug|Any CPU
		{B4148E69-54A7-4F06-B5B6-07B37CCEE7E8}.Release|Any CPU.ActiveCfg = Release|Any CPU
		{B4148E69-54A7-4F06-B5B6-07B37CCEE7E8}.Release|Any CPU.Build.0 = Release|Any CPU
	EndGlobalSection
	GlobalSection(SolutionProperties) = preSolution
		HideSolutionNode = FALSE
	EndGlobalSection
	GlobalSection(ExtensibilityGlobals) = postSolution
		SolutionGuid = {05FC8599-DCAE-4863-895E-9FE3CA56D78B}
	EndGlobalSection
EndGlobal
