
Microsoft Visual Studio Solution File, Format Version 12.00
# Visual Studio 15
VisualStudioVersion = 15.0.27004.2002
MinimumVisualStudioVersion = 10.0.40219.1
Project("{FAE04EC0-301F-11D3-BF4B-00C04F79EFBC}") = "ConsoleApp133", "ConsoleApp133\ConsoleApp133.csproj", "{64B239C8-BD3E-4ACB-8F53-60B7CC4073A3}"
EndProject
Global
	GlobalSection(SolutionConfigurationPlatforms) = preSolution
		Debug|Any CPU = Debug|Any CPU
		Release|Any CPU = Release|Any CPU
	EndGlobalSection
	GlobalSection(ProjectConfigurationPlatforms) = postSolution
		{64B239C8-BD3E-4ACB-8F53-60B7CC4073A3}.Debug|Any CPU.ActiveCfg = Debug|Any CPU
		{64B239C8-BD3E-4ACB-8F53-60B7CC4073A3}.Debug|Any CPU.Build.0 = Debug|Any CPU
		{64B239C8-BD3E-4ACB-8F53-60B7CC4073A3}.Release|Any CPU.ActiveCfg = Release|Any CPU
		{64B239C8-BD3E-4ACB-8F53-60B7CC4073A3}.Release|Any CPU.Build.0 = Release|Any CPU
	EndGlobalSection
	GlobalSection(SolutionProperties) = preSolution
		HideSolutionNode = FALSE
	EndGlobalSection
	GlobalSection(ExtensibilityGlobals) = postSolution
		SolutionGuid = {AD743CEF-BA1A-49A4-8C2C-B1ABF53A7679}
	EndGlobalSection
EndGlobal
