
Microsoft Visual Studio Solution File, Format Version 12.00
# Visual Studio 15
VisualStudioVersion = 15.0.27004.2002
MinimumVisualStudioVersion = 10.0.40219.1
Project("{FAE04EC0-301F-11D3-BF4B-00C04F79EFBC}") = "ConsoleApp239", "ConsoleApp239\ConsoleApp239.csproj", "{162D89F4-796E-4E53-90B0-639D48C886F0}"
EndProject
Global
	GlobalSection(SolutionConfigurationPlatforms) = preSolution
		Debug|Any CPU = Debug|Any CPU
		Release|Any CPU = Release|Any CPU
	EndGlobalSection
	GlobalSection(ProjectConfigurationPlatforms) = postSolution
		{162D89F4-796E-4E53-90B0-639D48C886F0}.Debug|Any CPU.ActiveCfg = Debug|Any CPU
		{162D89F4-796E-4E53-90B0-639D48C886F0}.Debug|Any CPU.Build.0 = Debug|Any CPU
		{162D89F4-796E-4E53-90B0-639D48C886F0}.Release|Any CPU.ActiveCfg = Release|Any CPU
		{162D89F4-796E-4E53-90B0-639D48C886F0}.Release|Any CPU.Build.0 = Release|Any CPU
	EndGlobalSection
	GlobalSection(SolutionProperties) = preSolution
		HideSolutionNode = FALSE
	EndGlobalSection
	GlobalSection(ExtensibilityGlobals) = postSolution
		SolutionGuid = {FC1D7A96-8E23-48C3-9FA7-CDE0346341AC}
	EndGlobalSection
EndGlobal
