
Microsoft Visual Studio Solution File, Format Version 12.00
# Visual Studio 15
VisualStudioVersion = 15.0.27004.2002
MinimumVisualStudioVersion = 10.0.40219.1
Project("{FAE04EC0-301F-11D3-BF4B-00C04F79EFBC}") = "ConsoleApp1", "ConsoleApp1\ConsoleApp1.csproj", "{93A81FFD-F030-4BE1-A66A-16B3B6D38EEC}"
EndProject
Global
	GlobalSection(SolutionConfigurationPlatforms) = preSolution
		Debug|Any CPU = Debug|Any CPU
		Release|Any CPU = Release|Any CPU
	EndGlobalSection
	GlobalSection(ProjectConfigurationPlatforms) = postSolution
		{93A81FFD-F030-4BE1-A66A-16B3B6D38EEC}.Debug|Any CPU.ActiveCfg = Debug|Any CPU
		{93A81FFD-F030-4BE1-A66A-16B3B6D38EEC}.Debug|Any CPU.Build.0 = Debug|Any CPU
		{93A81FFD-F030-4BE1-A66A-16B3B6D38EEC}.Release|Any CPU.ActiveCfg = Release|Any CPU
		{93A81FFD-F030-4BE1-A66A-16B3B6D38EEC}.Release|Any CPU.Build.0 = Release|Any CPU
	EndGlobalSection
	GlobalSection(SolutionProperties) = preSolution
		HideSolutionNode = FALSE
	EndGlobalSection
	GlobalSection(ExtensibilityGlobals) = postSolution
		SolutionGuid = {0A7F9DC6-6EF9-4869-8555-F17651E855DF}
	EndGlobalSection
EndGlobal
