
Microsoft Visual Studio Solution File, Format Version 12.00
# Visual Studio 15
VisualStudioVersion = 15.0.27004.2002
MinimumVisualStudioVersion = 10.0.40219.1
Project("{FAE04EC0-301F-11D3-BF4B-00C04F79EFBC}") = "ConsoleApp240", "ConsoleApp240\ConsoleApp240.csproj", "{EDCE3130-B8E5-4103-8789-35B6B8F54B78}"
EndProject
Global
	GlobalSection(SolutionConfigurationPlatforms) = preSolution
		Debug|Any CPU = Debug|Any CPU
		Release|Any CPU = Release|Any CPU
	EndGlobalSection
	GlobalSection(ProjectConfigurationPlatforms) = postSolution
		{EDCE3130-B8E5-4103-8789-35B6B8F54B78}.Debug|Any CPU.ActiveCfg = Debug|Any CPU
		{EDCE3130-B8E5-4103-8789-35B6B8F54B78}.Debug|Any CPU.Build.0 = Debug|Any CPU
		{EDCE3130-B8E5-4103-8789-35B6B8F54B78}.Release|Any CPU.ActiveCfg = Release|Any CPU
		{EDCE3130-B8E5-4103-8789-35B6B8F54B78}.Release|Any CPU.Build.0 = Release|Any CPU
	EndGlobalSection
	GlobalSection(SolutionProperties) = preSolution
		HideSolutionNode = FALSE
	EndGlobalSection
	GlobalSection(ExtensibilityGlobals) = postSolution
		SolutionGuid = {61165E63-91BE-494C-9390-D8CFC59BC184}
	EndGlobalSection
EndGlobal
