
Microsoft Visual Studio Solution File, Format Version 12.00
# Visual Studio 15
VisualStudioVersion = 15.0.27004.2002
MinimumVisualStudioVersion = 10.0.40219.1
Project("{FAE04EC0-301F-11D3-BF4B-00C04F79EFBC}") = "ConsoleApp280", "ConsoleApp280\ConsoleApp280.csproj", "{C9D8ED62-3F61-42B7-9E80-F9E72068E913}"
	ProjectSection(ProjectDependencies) = postProject
		{B0C61AFF-BE5B-4644-A1D8-20215F88ECC1} = {B0C61AFF-BE5B-4644-A1D8-20215F88ECC1}
	EndProjectSection
EndProject
Project("{FAE04EC0-301F-11D3-BF4B-00C04F79EFBC}") = "WcfService1", "WcfService1\WcfService1.csproj", "{B0C61AFF-BE5B-4644-A1D8-20215F88ECC1}"
EndProject
Global
	GlobalSection(SolutionConfigurationPlatforms) = preSolution
		Debug|Any CPU = Debug|Any CPU
		Release|Any CPU = Release|Any CPU
	EndGlobalSection
	GlobalSection(ProjectConfigurationPlatforms) = postSolution
		{C9D8ED62-3F61-42B7-9E80-F9E72068E913}.Debug|Any CPU.ActiveCfg = Debug|Any CPU
		{C9D8ED62-3F61-42B7-9E80-F9E72068E913}.Debug|Any CPU.Build.0 = Debug|Any CPU
		{C9D8ED62-3F61-42B7-9E80-F9E72068E913}.Release|Any CPU.ActiveCfg = Release|Any CPU
		{C9D8ED62-3F61-42B7-9E80-F9E72068E913}.Release|Any CPU.Build.0 = Release|Any CPU
		{B0C61AFF-BE5B-4644-A1D8-20215F88ECC1}.Debug|Any CPU.ActiveCfg = Debug|Any CPU
		{B0C61AFF-BE5B-4644-A1D8-20215F88ECC1}.Debug|Any CPU.Build.0 = Debug|Any CPU
		{B0C61AFF-BE5B-4644-A1D8-20215F88ECC1}.Release|Any CPU.ActiveCfg = Release|Any CPU
		{B0C61AFF-BE5B-4644-A1D8-20215F88ECC1}.Release|Any CPU.Build.0 = Release|Any CPU
	EndGlobalSection
	GlobalSection(SolutionProperties) = preSolution
		HideSolutionNode = FALSE
	EndGlobalSection
	GlobalSection(ExtensibilityGlobals) = postSolution
		SolutionGuid = {63240AA6-2177-4E1F-A081-97FB1775ED0C}
	EndGlobalSection
EndGlobal
