
Microsoft Visual Studio Solution File, Format Version 12.00
# Visual Studio 15
VisualStudioVersion = 15.0.27004.2002
MinimumVisualStudioVersion = 10.0.40219.1
Project("{FAE04EC0-301F-11D3-BF4B-00C04F79EFBC}") = "ConsoleApp136", "ConsoleApp136\ConsoleApp136.csproj", "{A6409B27-8012-4522-AD7F-A470195B9637}"
EndProject
Global
	GlobalSection(SolutionConfigurationPlatforms) = preSolution
		Debug|Any CPU = Debug|Any CPU
		Release|Any CPU = Release|Any CPU
	EndGlobalSection
	GlobalSection(ProjectConfigurationPlatforms) = postSolution
		{A6409B27-8012-4522-AD7F-A470195B9637}.Debug|Any CPU.ActiveCfg = Debug|Any CPU
		{A6409B27-8012-4522-AD7F-A470195B9637}.Debug|Any CPU.Build.0 = Debug|Any CPU
		{A6409B27-8012-4522-AD7F-A470195B9637}.Release|Any CPU.ActiveCfg = Release|Any CPU
		{A6409B27-8012-4522-AD7F-A470195B9637}.Release|Any CPU.Build.0 = Release|Any CPU
	EndGlobalSection
	GlobalSection(SolutionProperties) = preSolution
		HideSolutionNode = FALSE
	EndGlobalSection
	GlobalSection(ExtensibilityGlobals) = postSolution
		SolutionGuid = {3249EB64-3F6D-40F6-B932-CE6DEF265C77}
	EndGlobalSection
EndGlobal
