
Microsoft Visual Studio Solution File, Format Version 12.00
# Visual Studio 15
VisualStudioVersion = 15.0.27004.2002
MinimumVisualStudioVersion = 10.0.40219.1
Project("{FAE04EC0-301F-11D3-BF4B-00C04F79EFBC}") = "ConsoleApp96", "ConsoleApp96\ConsoleApp96.csproj", "{69097DD2-5B3E-4CE5-BCA3-8812E1BBB95E}"
EndProject
Global
	GlobalSection(SolutionConfigurationPlatforms) = preSolution
		Debug|Any CPU = Debug|Any CPU
		Release|Any CPU = Release|Any CPU
	EndGlobalSection
	GlobalSection(ProjectConfigurationPlatforms) = postSolution
		{69097DD2-5B3E-4CE5-BCA3-8812E1BBB95E}.Debug|Any CPU.ActiveCfg = Debug|Any CPU
		{69097DD2-5B3E-4CE5-BCA3-8812E1BBB95E}.Debug|Any CPU.Build.0 = Debug|Any CPU
		{69097DD2-5B3E-4CE5-BCA3-8812E1BBB95E}.Release|Any CPU.ActiveCfg = Release|Any CPU
		{69097DD2-5B3E-4CE5-BCA3-8812E1BBB95E}.Release|Any CPU.Build.0 = Release|Any CPU
	EndGlobalSection
	GlobalSection(SolutionProperties) = preSolution
		HideSolutionNode = FALSE
	EndGlobalSection
	GlobalSection(ExtensibilityGlobals) = postSolution
		SolutionGuid = {8F111F42-0891-430E-8212-5DDD7ACF66E5}
	EndGlobalSection
EndGlobal
