
Microsoft Visual Studio Solution File, Format Version 12.00
# Visual Studio Version 16
VisualStudioVersion = 16.0.28315.86
MinimumVisualStudioVersion = 10.0.40219.1
Project("{FAE04EC0-301F-11D3-BF4B-00C04F79EFBC}") = "ConsoleApp300", "ConsoleApp300.csproj", "{3854A98D-6A47-4809-9C04-3987CAD7E36D}"
EndProject
Global
	GlobalSection(SolutionConfigurationPlatforms) = preSolution
		Debug|Any CPU = Debug|Any CPU
		Release|Any CPU = Release|Any CPU
	EndGlobalSection
	GlobalSection(ProjectConfigurationPlatforms) = postSolution
		{3854A98D-6A47-4809-9C04-3987CAD7E36D}.Debug|Any CPU.ActiveCfg = Debug|Any CPU
		{3854A98D-6A47-4809-9C04-3987CAD7E36D}.Debug|Any CPU.Build.0 = Debug|Any CPU
		{3854A98D-6A47-4809-9C04-3987CAD7E36D}.Release|Any CPU.ActiveCfg = Release|Any CPU
		{3854A98D-6A47-4809-9C04-3987CAD7E36D}.Release|Any CPU.Build.0 = Release|Any CPU
	EndGlobalSection
	GlobalSection(SolutionProperties) = preSolution
		HideSolutionNode = FALSE
	EndGlobalSection
	GlobalSection(ExtensibilityGlobals) = postSolution
		SolutionGuid = {B422396D-7AA9-43AF-82B4-38A3AD2ACAFB}
	EndGlobalSection
EndGlobal
