
Microsoft Visual Studio Solution File, Format Version 12.00
# Visual Studio 15
VisualStudioVersion = 15.0.27004.2002
MinimumVisualStudioVersion = 10.0.40219.1
Project("{FAE04EC0-301F-11D3-BF4B-00C04F79EFBC}") = "ConsoleApp87", "ConsoleApp87\ConsoleApp87.csproj", "{391049C1-A3EC-4411-BEDC-EED3EC89EF6D}"
EndProject
Global
	GlobalSection(SolutionConfigurationPlatforms) = preSolution
		Debug|Any CPU = Debug|Any CPU
		Release|Any CPU = Release|Any CPU
	EndGlobalSection
	GlobalSection(ProjectConfigurationPlatforms) = postSolution
		{391049C1-A3EC-4411-BEDC-EED3EC89EF6D}.Debug|Any CPU.ActiveCfg = Debug|Any CPU
		{391049C1-A3EC-4411-BEDC-EED3EC89EF6D}.Debug|Any CPU.Build.0 = Debug|Any CPU
		{391049C1-A3EC-4411-BEDC-EED3EC89EF6D}.Release|Any CPU.ActiveCfg = Release|Any CPU
		{391049C1-A3EC-4411-BEDC-EED3EC89EF6D}.Release|Any CPU.Build.0 = Release|Any CPU
	EndGlobalSection
	GlobalSection(SolutionProperties) = preSolution
		HideSolutionNode = FALSE
	EndGlobalSection
	GlobalSection(ExtensibilityGlobals) = postSolution
		SolutionGuid = {084AA2A4-35DF-439F-BE5D-AE810AB55896}
	EndGlobalSection
EndGlobal
