
Microsoft Visual Studio Solution File, Format Version 12.00
# Visual Studio 15
VisualStudioVersion = 15.0.27004.2002
MinimumVisualStudioVersion = 10.0.40219.1
Project("{FAE04EC0-301F-11D3-BF4B-00C04F79EFBC}") = "ConsoleApp137", "ConsoleApp137\ConsoleApp137.csproj", "{691C7951-BAF4-48A0-886B-D37956817604}"
EndProject
Global
	GlobalSection(SolutionConfigurationPlatforms) = preSolution
		Debug|Any CPU = Debug|Any CPU
		Release|Any CPU = Release|Any CPU
	EndGlobalSection
	GlobalSection(ProjectConfigurationPlatforms) = postSolution
		{691C7951-BAF4-48A0-886B-D37956817604}.Debug|Any CPU.ActiveCfg = Debug|Any CPU
		{691C7951-BAF4-48A0-886B-D37956817604}.Debug|Any CPU.Build.0 = Debug|Any CPU
		{691C7951-BAF4-48A0-886B-D37956817604}.Release|Any CPU.ActiveCfg = Release|Any CPU
		{691C7951-BAF4-48A0-886B-D37956817604}.Release|Any CPU.Build.0 = Release|Any CPU
	EndGlobalSection
	GlobalSection(SolutionProperties) = preSolution
		HideSolutionNode = FALSE
	EndGlobalSection
	GlobalSection(ExtensibilityGlobals) = postSolution
		SolutionGuid = {F8ACBD89-0617-49F4-9315-D772BC42A054}
	EndGlobalSection
EndGlobal
