
Microsoft Visual Studio Solution File, Format Version 12.00
# Visual Studio 15
VisualStudioVersion = 15.0.27004.2002
MinimumVisualStudioVersion = 10.0.40219.1
Project("{FAE04EC0-301F-11D3-BF4B-00C04F79EFBC}") = "ConsoleApp166", "ConsoleApp166\ConsoleApp166.csproj", "{B2C10CBC-48B7-4CA9-9E1C-3786763F3F34}"
EndProject
Global
	GlobalSection(SolutionConfigurationPlatforms) = preSolution
		Debug|Any CPU = Debug|Any CPU
		Release|Any CPU = Release|Any CPU
	EndGlobalSection
	GlobalSection(ProjectConfigurationPlatforms) = postSolution
		{B2C10CBC-48B7-4CA9-9E1C-3786763F3F34}.Debug|Any CPU.ActiveCfg = Debug|Any CPU
		{B2C10CBC-48B7-4CA9-9E1C-3786763F3F34}.Debug|Any CPU.Build.0 = Debug|Any CPU
		{B2C10CBC-48B7-4CA9-9E1C-3786763F3F34}.Release|Any CPU.ActiveCfg = Release|Any CPU
		{B2C10CBC-48B7-4CA9-9E1C-3786763F3F34}.Release|Any CPU.Build.0 = Release|Any CPU
	EndGlobalSection
	GlobalSection(SolutionProperties) = preSolution
		HideSolutionNode = FALSE
	EndGlobalSection
	GlobalSection(ExtensibilityGlobals) = postSolution
		SolutionGuid = {EC2F0E4B-8023-4D8F-A5B3-A4E73617BD60}
	EndGlobalSection
EndGlobal
