
Microsoft Visual Studio Solution File, Format Version 12.00
# Visual Studio 15
VisualStudioVersion = 15.0.27004.2002
MinimumVisualStudioVersion = 10.0.40219.1
Project("{FAE04EC0-301F-11D3-BF4B-00C04F79EFBC}") = "ConsoleApp194", "ConsoleApp194\ConsoleApp194.csproj", "{E65C3249-CEEA-46E4-95AF-8B8BE5236604}"
EndProject
Global
	GlobalSection(SolutionConfigurationPlatforms) = preSolution
		Debug|Any CPU = Debug|Any CPU
		Release|Any CPU = Release|Any CPU
	EndGlobalSection
	GlobalSection(ProjectConfigurationPlatforms) = postSolution
		{E65C3249-CEEA-46E4-95AF-8B8BE5236604}.Debug|Any CPU.ActiveCfg = Debug|Any CPU
		{E65C3249-CEEA-46E4-95AF-8B8BE5236604}.Debug|Any CPU.Build.0 = Debug|Any CPU
		{E65C3249-CEEA-46E4-95AF-8B8BE5236604}.Release|Any CPU.ActiveCfg = Release|Any CPU
		{E65C3249-CEEA-46E4-95AF-8B8BE5236604}.Release|Any CPU.Build.0 = Release|Any CPU
	EndGlobalSection
	GlobalSection(SolutionProperties) = preSolution
		HideSolutionNode = FALSE
	EndGlobalSection
	GlobalSection(ExtensibilityGlobals) = postSolution
		SolutionGuid = {1B460258-2263-4B52-84E2-A20A9E4B8BAC}
	EndGlobalSection
EndGlobal
