
Microsoft Visual Studio Solution File, Format Version 12.00
# Visual Studio Version 16
VisualStudioVersion = 16.0.28803.452
MinimumVisualStudioVersion = 10.0.40219.1
Project("{FAE04EC0-301F-11D3-BF4B-00C04F79EFBC}") = "ConsoleApp355", "ConsoleApp355.csproj", "{B58D7F2D-9C9D-433D-9EBE-619A26424648}"
EndProject
Global
	GlobalSection(SolutionConfigurationPlatforms) = preSolution
		Debug|Any CPU = Debug|Any CPU
		Release|Any CPU = Release|Any CPU
	EndGlobalSection
	GlobalSection(ProjectConfigurationPlatforms) = postSolution
		{B58D7F2D-9C9D-433D-9EBE-619A26424648}.Debug|Any CPU.ActiveCfg = Debug|Any CPU
		{B58D7F2D-9C9D-433D-9EBE-619A26424648}.Debug|Any CPU.Build.0 = Debug|Any CPU
		{B58D7F2D-9C9D-433D-9EBE-619A26424648}.Release|Any CPU.ActiveCfg = Release|Any CPU
		{B58D7F2D-9C9D-433D-9EBE-619A26424648}.Release|Any CPU.Build.0 = Release|Any CPU
	EndGlobalSection
	GlobalSection(SolutionProperties) = preSolution
		HideSolutionNode = FALSE
	EndGlobalSection
	GlobalSection(ExtensibilityGlobals) = postSolution
		SolutionGuid = {8333DC6F-EA0D-4871-8781-3C75E7F81E85}
	EndGlobalSection
EndGlobal
