
Microsoft Visual Studio Solution File, Format Version 12.00
# Visual Studio 15
VisualStudioVersion = 15.0.27004.2002
MinimumVisualStudioVersion = 10.0.40219.1
Project("{FAE04EC0-301F-11D3-BF4B-00C04F79EFBC}") = "ConsoleApp92", "ConsoleApp92\ConsoleApp92.csproj", "{F54EB849-D39A-4462-884A-614950BCDFED}"
EndProject
Global
	GlobalSection(SolutionConfigurationPlatforms) = preSolution
		Debug|Any CPU = Debug|Any CPU
		Release|Any CPU = Release|Any CPU
	EndGlobalSection
	GlobalSection(ProjectConfigurationPlatforms) = postSolution
		{F54EB849-D39A-4462-884A-614950BCDFED}.Debug|Any CPU.ActiveCfg = Debug|Any CPU
		{F54EB849-D39A-4462-884A-614950BCDFED}.Debug|Any CPU.Build.0 = Debug|Any CPU
		{F54EB849-D39A-4462-884A-614950BCDFED}.Release|Any CPU.ActiveCfg = Release|Any CPU
		{F54EB849-D39A-4462-884A-614950BCDFED}.Release|Any CPU.Build.0 = Release|Any CPU
	EndGlobalSection
	GlobalSection(SolutionProperties) = preSolution
		HideSolutionNode = FALSE
	EndGlobalSection
	GlobalSection(ExtensibilityGlobals) = postSolution
		SolutionGuid = {2778F8B0-D768-4C55-9EF7-B95D91D133DB}
	EndGlobalSection
EndGlobal
