
Microsoft Visual Studio Solution File, Format Version 12.00
# Visual Studio Version 16
VisualStudioVersion = 16.0.30011.22
MinimumVisualStudioVersion = 10.0.40219.1
Project("{FAE04EC0-301F-11D3-BF4B-00C04F79EFBC}") = "ConsoleApp435", "ConsoleApp435\ConsoleApp435.csproj", "{EA37D3FE-897E-4F2C-960B-6DA400C850E8}"
EndProject
Global
	GlobalSection(SolutionConfigurationPlatforms) = preSolution
		Debug|Any CPU = Debug|Any CPU
		Release|Any CPU = Release|Any CPU
	EndGlobalSection
	GlobalSection(ProjectConfigurationPlatforms) = postSolution
		{EA37D3FE-897E-4F2C-960B-6DA400C850E8}.Debug|Any CPU.ActiveCfg = Debug|Any CPU
		{EA37D3FE-897E-4F2C-960B-6DA400C850E8}.Debug|Any CPU.Build.0 = Debug|Any CPU
		{EA37D3FE-897E-4F2C-960B-6DA400C850E8}.Release|Any CPU.ActiveCfg = Release|Any CPU
		{EA37D3FE-897E-4F2C-960B-6DA400C850E8}.Release|Any CPU.Build.0 = Release|Any CPU
	EndGlobalSection
	GlobalSection(SolutionProperties) = preSolution
		HideSolutionNode = FALSE
	EndGlobalSection
	GlobalSection(ExtensibilityGlobals) = postSolution
		SolutionGuid = {FFA41987-329A-42AC-9811-D11C5470C65A}
	EndGlobalSection
EndGlobal
