
Microsoft Visual Studio Solution File, Format Version 12.00
# Visual Studio 15
VisualStudioVersion = 15.0.27004.2002
MinimumVisualStudioVersion = 10.0.40219.1
Project("{FAE04EC0-301F-11D3-BF4B-00C04F79EFBC}") = "ConsoleApp233", "ConsoleApp233\ConsoleApp233.csproj", "{F8F3849E-A969-4D75-B752-8449660CFA2D}"
EndProject
Global
	GlobalSection(SolutionConfigurationPlatforms) = preSolution
		Debug|Any CPU = Debug|Any CPU
		Release|Any CPU = Release|Any CPU
	EndGlobalSection
	GlobalSection(ProjectConfigurationPlatforms) = postSolution
		{F8F3849E-A969-4D75-B752-8449660CFA2D}.Debug|Any CPU.ActiveCfg = Debug|Any CPU
		{F8F3849E-A969-4D75-B752-8449660CFA2D}.Debug|Any CPU.Build.0 = Debug|Any CPU
		{F8F3849E-A969-4D75-B752-8449660CFA2D}.Release|Any CPU.ActiveCfg = Release|Any CPU
		{F8F3849E-A969-4D75-B752-8449660CFA2D}.Release|Any CPU.Build.0 = Release|Any CPU
	EndGlobalSection
	GlobalSection(SolutionProperties) = preSolution
		HideSolutionNode = FALSE
	EndGlobalSection
	GlobalSection(ExtensibilityGlobals) = postSolution
		SolutionGuid = {B5669452-EC34-4AA3-8496-B0F74B042DD1}
	EndGlobalSection
EndGlobal
