
Microsoft Visual Studio Solution File, Format Version 12.00
# Visual Studio 15
VisualStudioVersion = 15.0.27004.2002
MinimumVisualStudioVersion = 10.0.40219.1
Project("{FAE04EC0-301F-11D3-BF4B-00C04F79EFBC}") = "ConsoleApp174", "ConsoleApp174\ConsoleApp174.csproj", "{D851DEB3-3FFC-4544-B0CF-EC1490BE6476}"
EndProject
Global
	GlobalSection(SolutionConfigurationPlatforms) = preSolution
		Debug|Any CPU = Debug|Any CPU
		Release|Any CPU = Release|Any CPU
	EndGlobalSection
	GlobalSection(ProjectConfigurationPlatforms) = postSolution
		{D851DEB3-3FFC-4544-B0CF-EC1490BE6476}.Debug|Any CPU.ActiveCfg = Debug|Any CPU
		{D851DEB3-3FFC-4544-B0CF-EC1490BE6476}.Debug|Any CPU.Build.0 = Debug|Any CPU
		{D851DEB3-3FFC-4544-B0CF-EC1490BE6476}.Release|Any CPU.ActiveCfg = Release|Any CPU
		{D851DEB3-3FFC-4544-B0CF-EC1490BE6476}.Release|Any CPU.Build.0 = Release|Any CPU
	EndGlobalSection
	GlobalSection(SolutionProperties) = preSolution
		HideSolutionNode = FALSE
	EndGlobalSection
	GlobalSection(ExtensibilityGlobals) = postSolution
		SolutionGuid = {70CCDDF2-3B59-4DDD-B474-3D0E3290023C}
	EndGlobalSection
EndGlobal
