
Microsoft Visual Studio Solution File, Format Version 12.00
# Visual Studio Version 16
VisualStudioVersion = 16.0.28315.86
MinimumVisualStudioVersion = 10.0.40219.1
Project("{FAE04EC0-301F-11D3-BF4B-00C04F79EFBC}") = "ConsoleApp304", "ConsoleApp304.csproj", "{5E7CCB86-D9D5-4C97-9EEA-EFDC988CCFB5}"
EndProject
Global
	GlobalSection(SolutionConfigurationPlatforms) = preSolution
		Debug|Any CPU = Debug|Any CPU
		Release|Any CPU = Release|Any CPU
	EndGlobalSection
	GlobalSection(ProjectConfigurationPlatforms) = postSolution
		{5E7CCB86-D9D5-4C97-9EEA-EFDC988CCFB5}.Debug|Any CPU.ActiveCfg = Debug|Any CPU
		{5E7CCB86-D9D5-4C97-9EEA-EFDC988CCFB5}.Debug|Any CPU.Build.0 = Debug|Any CPU
		{5E7CCB86-D9D5-4C97-9EEA-EFDC988CCFB5}.Release|Any CPU.ActiveCfg = Release|Any CPU
		{5E7CCB86-D9D5-4C97-9EEA-EFDC988CCFB5}.Release|Any CPU.Build.0 = Release|Any CPU
	EndGlobalSection
	GlobalSection(SolutionProperties) = preSolution
		HideSolutionNode = FALSE
	EndGlobalSection
	GlobalSection(ExtensibilityGlobals) = postSolution
		SolutionGuid = {E9D4B438-D630-4BA9-8DA0-69513186DAEC}
	EndGlobalSection
EndGlobal
