
Microsoft Visual Studio Solution File, Format Version 12.00
# Visual Studio 15
VisualStudioVersion = 15.0.27004.2002
MinimumVisualStudioVersion = 10.0.40219.1
Project("{FAE04EC0-301F-11D3-BF4B-00C04F79EFBC}") = "ConsoleApp14", "ConsoleApp14\ConsoleApp14.csproj", "{3D3F48DD-40BE-4EAB-BF1B-A80FC90FAF9D}"
EndProject
Global
	GlobalSection(SolutionConfigurationPlatforms) = preSolution
		Debug|Any CPU = Debug|Any CPU
		Release|Any CPU = Release|Any CPU
	EndGlobalSection
	GlobalSection(ProjectConfigurationPlatforms) = postSolution
		{3D3F48DD-40BE-4EAB-BF1B-A80FC90FAF9D}.Debug|Any CPU.ActiveCfg = Debug|Any CPU
		{3D3F48DD-40BE-4EAB-BF1B-A80FC90FAF9D}.Debug|Any CPU.Build.0 = Debug|Any CPU
		{3D3F48DD-40BE-4EAB-BF1B-A80FC90FAF9D}.Release|Any CPU.ActiveCfg = Release|Any CPU
		{3D3F48DD-40BE-4EAB-BF1B-A80FC90FAF9D}.Release|Any CPU.Build.0 = Release|Any CPU
	EndGlobalSection
	GlobalSection(SolutionProperties) = preSolution
		HideSolutionNode = FALSE
	EndGlobalSection
	GlobalSection(ExtensibilityGlobals) = postSolution
		SolutionGuid = {E30C4BDE-F814-419F-89E7-89CECC1FEF16}
	EndGlobalSection
EndGlobal
