
Microsoft Visual Studio Solution File, Format Version 12.00
# Visual Studio 15
VisualStudioVersion = 15.0.27004.2002
MinimumVisualStudioVersion = 10.0.40219.1
Project("{FAE04EC0-301F-11D3-BF4B-00C04F79EFBC}") = "ConsoleApp101", "ConsoleApp101\ConsoleApp101.csproj", "{F9BF2705-C9DC-47B8-A6B8-DEE49A12698C}"
EndProject
Global
	GlobalSection(SolutionConfigurationPlatforms) = preSolution
		Debug|Any CPU = Debug|Any CPU
		Release|Any CPU = Release|Any CPU
	EndGlobalSection
	GlobalSection(ProjectConfigurationPlatforms) = postSolution
		{F9BF2705-C9DC-47B8-A6B8-DEE49A12698C}.Debug|Any CPU.ActiveCfg = Debug|Any CPU
		{F9BF2705-C9DC-47B8-A6B8-DEE49A12698C}.Debug|Any CPU.Build.0 = Debug|Any CPU
		{F9BF2705-C9DC-47B8-A6B8-DEE49A12698C}.Release|Any CPU.ActiveCfg = Release|Any CPU
		{F9BF2705-C9DC-47B8-A6B8-DEE49A12698C}.Release|Any CPU.Build.0 = Release|Any CPU
	EndGlobalSection
	GlobalSection(SolutionProperties) = preSolution
		HideSolutionNode = FALSE
	EndGlobalSection
	GlobalSection(ExtensibilityGlobals) = postSolution
		SolutionGuid = {F5EB92C7-ED25-4F4F-96C8-6DFC050DECE0}
	EndGlobalSection
EndGlobal
