
Microsoft Visual Studio Solution File, Format Version 12.00
# Visual Studio 15
VisualStudioVersion = 15.0.27004.2002
MinimumVisualStudioVersion = 10.0.40219.1
Project("{FAE04EC0-301F-11D3-BF4B-00C04F79EFBC}") = "ConsoleApp265", "ConsoleApp265\ConsoleApp265.csproj", "{8A924A5C-B7F8-4849-882D-63933D79AF3D}"
EndProject
Global
	GlobalSection(SolutionConfigurationPlatforms) = preSolution
		Debug|Any CPU = Debug|Any CPU
		Release|Any CPU = Release|Any CPU
	EndGlobalSection
	GlobalSection(ProjectConfigurationPlatforms) = postSolution
		{8A924A5C-B7F8-4849-882D-63933D79AF3D}.Debug|Any CPU.ActiveCfg = Debug|Any CPU
		{8A924A5C-B7F8-4849-882D-63933D79AF3D}.Debug|Any CPU.Build.0 = Debug|Any CPU
		{8A924A5C-B7F8-4849-882D-63933D79AF3D}.Release|Any CPU.ActiveCfg = Release|Any CPU
		{8A924A5C-B7F8-4849-882D-63933D79AF3D}.Release|Any CPU.Build.0 = Release|Any CPU
	EndGlobalSection
	GlobalSection(SolutionProperties) = preSolution
		HideSolutionNode = FALSE
	EndGlobalSection
	GlobalSection(ExtensibilityGlobals) = postSolution
		SolutionGuid = {132A5752-88C8-4092-B4A5-B0CDF82E982C}
	EndGlobalSection
EndGlobal
