
Microsoft Visual Studio Solution File, Format Version 12.00
# Visual Studio 15
VisualStudioVersion = 15.0.27004.2002
MinimumVisualStudioVersion = 10.0.40219.1
Project("{FAE04EC0-301F-11D3-BF4B-00C04F79EFBC}") = "ConsoleApp33", "ConsoleApp33\ConsoleApp33.csproj", "{90B61860-DF74-4A3F-A44E-37A479555589}"
EndProject
Global
	GlobalSection(SolutionConfigurationPlatforms) = preSolution
		Debug|Any CPU = Debug|Any CPU
		Release|Any CPU = Release|Any CPU
	EndGlobalSection
	GlobalSection(ProjectConfigurationPlatforms) = postSolution
		{90B61860-DF74-4A3F-A44E-37A479555589}.Debug|Any CPU.ActiveCfg = Debug|Any CPU
		{90B61860-DF74-4A3F-A44E-37A479555589}.Debug|Any CPU.Build.0 = Debug|Any CPU
		{90B61860-DF74-4A3F-A44E-37A479555589}.Release|Any CPU.ActiveCfg = Release|Any CPU
		{90B61860-DF74-4A3F-A44E-37A479555589}.Release|Any CPU.Build.0 = Release|Any CPU
	EndGlobalSection
	GlobalSection(SolutionProperties) = preSolution
		HideSolutionNode = FALSE
	EndGlobalSection
	GlobalSection(ExtensibilityGlobals) = postSolution
		SolutionGuid = {EB145F07-17F4-49E8-A00C-CB4696539C55}
	EndGlobalSection
EndGlobal
