
Microsoft Visual Studio Solution File, Format Version 12.00
# Visual Studio 15
VisualStudioVersion = 15.0.27004.2002
MinimumVisualStudioVersion = 10.0.40219.1
Project("{FAE04EC0-301F-11D3-BF4B-00C04F79EFBC}") = "ConsoleApp134", "ConsoleApp134\ConsoleApp134.csproj", "{C0D66F9E-7DE1-4E06-BAAE-A796ABCBAEAF}"
EndProject
Global
	GlobalSection(SolutionConfigurationPlatforms) = preSolution
		Debug|Any CPU = Debug|Any CPU
		Release|Any CPU = Release|Any CPU
	EndGlobalSection
	GlobalSection(ProjectConfigurationPlatforms) = postSolution
		{C0D66F9E-7DE1-4E06-BAAE-A796ABCBAEAF}.Debug|Any CPU.ActiveCfg = Debug|Any CPU
		{C0D66F9E-7DE1-4E06-BAAE-A796ABCBAEAF}.Debug|Any CPU.Build.0 = Debug|Any CPU
		{C0D66F9E-7DE1-4E06-BAAE-A796ABCBAEAF}.Release|Any CPU.ActiveCfg = Release|Any CPU
		{C0D66F9E-7DE1-4E06-BAAE-A796ABCBAEAF}.Release|Any CPU.Build.0 = Release|Any CPU
	EndGlobalSection
	GlobalSection(SolutionProperties) = preSolution
		HideSolutionNode = FALSE
	EndGlobalSection
	GlobalSection(ExtensibilityGlobals) = postSolution
		SolutionGuid = {21D77A82-18C0-465D-8AD0-D7B08957AC01}
	EndGlobalSection
EndGlobal
