
Microsoft Visual Studio Solution File, Format Version 12.00
# Visual Studio Version 16
VisualStudioVersion = 16.0.29503.13
MinimumVisualStudioVersion = 10.0.40219.1
Project("{FAE04EC0-301F-11D3-BF4B-00C04F79EFBC}") = "ConsoleApp390", "ConsoleApp390.csproj", "{CC74F41C-46C6-4C9E-9443-4BAA74B8E519}"
EndProject
Global
	GlobalSection(SolutionConfigurationPlatforms) = preSolution
		Debug|Any CPU = Debug|Any CPU
		Release|Any CPU = Release|Any CPU
	EndGlobalSection
	GlobalSection(ProjectConfigurationPlatforms) = postSolution
		{CC74F41C-46C6-4C9E-9443-4BAA74B8E519}.Debug|Any CPU.ActiveCfg = Debug|Any CPU
		{CC74F41C-46C6-4C9E-9443-4BAA74B8E519}.Debug|Any CPU.Build.0 = Debug|Any CPU
		{CC74F41C-46C6-4C9E-9443-4BAA74B8E519}.Release|Any CPU.ActiveCfg = Release|Any CPU
		{CC74F41C-46C6-4C9E-9443-4BAA74B8E519}.Release|Any CPU.Build.0 = Release|Any CPU
	EndGlobalSection
	GlobalSection(SolutionProperties) = preSolution
		HideSolutionNode = FALSE
	EndGlobalSection
	GlobalSection(ExtensibilityGlobals) = postSolution
		SolutionGuid = {9940B879-27F3-4DB4-8238-A3C4C471291B}
	EndGlobalSection
EndGlobal
