
Microsoft Visual Studio Solution File, Format Version 12.00
# Visual Studio 15
VisualStudioVersion = 15.0.27004.2002
MinimumVisualStudioVersion = 10.0.40219.1
Project("{FAE04EC0-301F-11D3-BF4B-00C04F79EFBC}") = "ConsoleApp238", "ConsoleApp238\ConsoleApp238.csproj", "{66ACC94E-6E6E-446E-A817-0882A439D054}"
EndProject
Global
	GlobalSection(SolutionConfigurationPlatforms) = preSolution
		Debug|Any CPU = Debug|Any CPU
		Release|Any CPU = Release|Any CPU
	EndGlobalSection
	GlobalSection(ProjectConfigurationPlatforms) = postSolution
		{66ACC94E-6E6E-446E-A817-0882A439D054}.Debug|Any CPU.ActiveCfg = Debug|Any CPU
		{66ACC94E-6E6E-446E-A817-0882A439D054}.Debug|Any CPU.Build.0 = Debug|Any CPU
		{66ACC94E-6E6E-446E-A817-0882A439D054}.Release|Any CPU.ActiveCfg = Release|Any CPU
		{66ACC94E-6E6E-446E-A817-0882A439D054}.Release|Any CPU.Build.0 = Release|Any CPU
	EndGlobalSection
	GlobalSection(SolutionProperties) = preSolution
		HideSolutionNode = FALSE
	EndGlobalSection
	GlobalSection(ExtensibilityGlobals) = postSolution
		SolutionGuid = {32165CE5-A4CD-466A-8170-BFCAEC3B0502}
	EndGlobalSection
EndGlobal
