
Microsoft Visual Studio Solution File, Format Version 12.00
# Visual Studio 15
VisualStudioVersion = 15.0.27004.2002
MinimumVisualStudioVersion = 10.0.40219.1
Project("{FAE04EC0-301F-11D3-BF4B-00C04F79EFBC}") = "ConsoleApp47", "ConsoleApp47\ConsoleApp47.csproj", "{E4498B93-0D5B-476E-858F-22DA8756AF62}"
EndProject
Global
	GlobalSection(SolutionConfigurationPlatforms) = preSolution
		Debug|Any CPU = Debug|Any CPU
		Release|Any CPU = Release|Any CPU
	EndGlobalSection
	GlobalSection(ProjectConfigurationPlatforms) = postSolution
		{E4498B93-0D5B-476E-858F-22DA8756AF62}.Debug|Any CPU.ActiveCfg = Debug|Any CPU
		{E4498B93-0D5B-476E-858F-22DA8756AF62}.Debug|Any CPU.Build.0 = Debug|Any CPU
		{E4498B93-0D5B-476E-858F-22DA8756AF62}.Release|Any CPU.ActiveCfg = Release|Any CPU
		{E4498B93-0D5B-476E-858F-22DA8756AF62}.Release|Any CPU.Build.0 = Release|Any CPU
	EndGlobalSection
	GlobalSection(SolutionProperties) = preSolution
		HideSolutionNode = FALSE
	EndGlobalSection
	GlobalSection(ExtensibilityGlobals) = postSolution
		SolutionGuid = {5767BB3E-4C13-4801-9D20-FF261CE514AC}
	EndGlobalSection
EndGlobal
