
Microsoft Visual Studio Solution File, Format Version 12.00
# Visual Studio 15
VisualStudioVersion = 15.0.27004.2002
MinimumVisualStudioVersion = 10.0.40219.1
Project("{FAE04EC0-301F-11D3-BF4B-00C04F79EFBC}") = "ConsoleApp69", "ConsoleApp69\ConsoleApp69.csproj", "{3A38A0D9-7DF3-4FB2-8EDF-CD7D32C51736}"
EndProject
Global
	GlobalSection(SolutionConfigurationPlatforms) = preSolution
		Debug|Any CPU = Debug|Any CPU
		Release|Any CPU = Release|Any CPU
	EndGlobalSection
	GlobalSection(ProjectConfigurationPlatforms) = postSolution
		{3A38A0D9-7DF3-4FB2-8EDF-CD7D32C51736}.Debug|Any CPU.ActiveCfg = Debug|Any CPU
		{3A38A0D9-7DF3-4FB2-8EDF-CD7D32C51736}.Debug|Any CPU.Build.0 = Debug|Any CPU
		{3A38A0D9-7DF3-4FB2-8EDF-CD7D32C51736}.Release|Any CPU.ActiveCfg = Release|Any CPU
		{3A38A0D9-7DF3-4FB2-8EDF-CD7D32C51736}.Release|Any CPU.Build.0 = Release|Any CPU
	EndGlobalSection
	GlobalSection(SolutionProperties) = preSolution
		HideSolutionNode = FALSE
	EndGlobalSection
	GlobalSection(ExtensibilityGlobals) = postSolution
		SolutionGuid = {8978AECB-A945-44ED-8365-A835A94077EF}
	EndGlobalSection
EndGlobal
