
Microsoft Visual Studio Solution File, Format Version 12.00
# Visual Studio 15
VisualStudioVersion = 15.0.27004.2002
MinimumVisualStudioVersion = 10.0.40219.1
Project("{FAE04EC0-301F-11D3-BF4B-00C04F79EFBC}") = "ConsoleApp96", "ConsoleApp96\ConsoleApp96.csproj", "{E75E977D-ADF5-41C8-949D-672B11A059CB}"
EndProject
Global
	GlobalSection(SolutionConfigurationPlatforms) = preSolution
		Debug|Any CPU = Debug|Any CPU
		Release|Any CPU = Release|Any CPU
	EndGlobalSection
	GlobalSection(ProjectConfigurationPlatforms) = postSolution
		{E75E977D-ADF5-41C8-949D-672B11A059CB}.Debug|Any CPU.ActiveCfg = Debug|Any CPU
		{E75E977D-ADF5-41C8-949D-672B11A059CB}.Debug|Any CPU.Build.0 = Debug|Any CPU
		{E75E977D-ADF5-41C8-949D-672B11A059CB}.Release|Any CPU.ActiveCfg = Release|Any CPU
		{E75E977D-ADF5-41C8-949D-672B11A059CB}.Release|Any CPU.Build.0 = Release|Any CPU
	EndGlobalSection
	GlobalSection(SolutionProperties) = preSolution
		HideSolutionNode = FALSE
	EndGlobalSection
	GlobalSection(ExtensibilityGlobals) = postSolution
		SolutionGuid = {4B39DADC-319C-4467-9DCC-50F4E207DFF3}
	EndGlobalSection
EndGlobal
