
Microsoft Visual Studio Solution File, Format Version 12.00
# Visual Studio 15
VisualStudioVersion = 15.0.27004.2002
MinimumVisualStudioVersion = 10.0.40219.1
Project("{FAE04EC0-301F-11D3-BF4B-00C04F79EFBC}") = "ConsoleApp259", "ConsoleApp259\ConsoleApp259.csproj", "{E4BB4FD3-DA94-4EDD-B281-E080B005BCC6}"
EndProject
Global
	GlobalSection(SolutionConfigurationPlatforms) = preSolution
		Debug|Any CPU = Debug|Any CPU
		Release|Any CPU = Release|Any CPU
	EndGlobalSection
	GlobalSection(ProjectConfigurationPlatforms) = postSolution
		{E4BB4FD3-DA94-4EDD-B281-E080B005BCC6}.Debug|Any CPU.ActiveCfg = Debug|Any CPU
		{E4BB4FD3-DA94-4EDD-B281-E080B005BCC6}.Debug|Any CPU.Build.0 = Debug|Any CPU
		{E4BB4FD3-DA94-4EDD-B281-E080B005BCC6}.Release|Any CPU.ActiveCfg = Release|Any CPU
		{E4BB4FD3-DA94-4EDD-B281-E080B005BCC6}.Release|Any CPU.Build.0 = Release|Any CPU
	EndGlobalSection
	GlobalSection(SolutionProperties) = preSolution
		HideSolutionNode = FALSE
	EndGlobalSection
	GlobalSection(ExtensibilityGlobals) = postSolution
		SolutionGuid = {FF1BC961-700B-4670-805E-4AF9FDC204C4}
	EndGlobalSection
EndGlobal
