
Microsoft Visual Studio Solution File, Format Version 12.00
# Visual Studio 15
VisualStudioVersion = 15.0.27004.2002
MinimumVisualStudioVersion = 10.0.40219.1
Project("{FAE04EC0-301F-11D3-BF4B-00C04F79EFBC}") = "ConsoleApp90", "ConsoleApp90\ConsoleApp90.csproj", "{1535F9C4-82F3-4F84-B967-9D0FBEE9C38E}"
EndProject
Global
	GlobalSection(SolutionConfigurationPlatforms) = preSolution
		Debug|Any CPU = Debug|Any CPU
		Release|Any CPU = Release|Any CPU
	EndGlobalSection
	GlobalSection(ProjectConfigurationPlatforms) = postSolution
		{1535F9C4-82F3-4F84-B967-9D0FBEE9C38E}.Debug|Any CPU.ActiveCfg = Debug|Any CPU
		{1535F9C4-82F3-4F84-B967-9D0FBEE9C38E}.Debug|Any CPU.Build.0 = Debug|Any CPU
		{1535F9C4-82F3-4F84-B967-9D0FBEE9C38E}.Release|Any CPU.ActiveCfg = Release|Any CPU
		{1535F9C4-82F3-4F84-B967-9D0FBEE9C38E}.Release|Any CPU.Build.0 = Release|Any CPU
	EndGlobalSection
	GlobalSection(SolutionProperties) = preSolution
		HideSolutionNode = FALSE
	EndGlobalSection
	GlobalSection(ExtensibilityGlobals) = postSolution
		SolutionGuid = {29F5B738-16BC-4C5E-901C-8AE313475CC7}
	EndGlobalSection
EndGlobal
