
Microsoft Visual Studio Solution File, Format Version 12.00
# Visual Studio 15
VisualStudioVersion = 15.0.27004.2002
MinimumVisualStudioVersion = 10.0.40219.1
Project("{FAE04EC0-301F-11D3-BF4B-00C04F79EFBC}") = "ConsoleApp18", "ConsoleApp18\ConsoleApp18.csproj", "{2B914E41-48AF-48DB-A5AD-205204F78C62}"
EndProject
Global
	GlobalSection(SolutionConfigurationPlatforms) = preSolution
		Debug|Any CPU = Debug|Any CPU
		Release|Any CPU = Release|Any CPU
	EndGlobalSection
	GlobalSection(ProjectConfigurationPlatforms) = postSolution
		{2B914E41-48AF-48DB-A5AD-205204F78C62}.Debug|Any CPU.ActiveCfg = Debug|Any CPU
		{2B914E41-48AF-48DB-A5AD-205204F78C62}.Debug|Any CPU.Build.0 = Debug|Any CPU
		{2B914E41-48AF-48DB-A5AD-205204F78C62}.Release|Any CPU.ActiveCfg = Release|Any CPU
		{2B914E41-48AF-48DB-A5AD-205204F78C62}.Release|Any CPU.Build.0 = Release|Any CPU
	EndGlobalSection
	GlobalSection(SolutionProperties) = preSolution
		HideSolutionNode = FALSE
	EndGlobalSection
	GlobalSection(ExtensibilityGlobals) = postSolution
		SolutionGuid = {A6CE444A-882C-4434-B1E5-9643E77A5775}
	EndGlobalSection
EndGlobal
