
Microsoft Visual Studio Solution File, Format Version 12.00
# Visual Studio 15
VisualStudioVersion = 15.0.27004.2002
MinimumVisualStudioVersion = 10.0.40219.1
Project("{FAE04EC0-301F-11D3-BF4B-00C04F79EFBC}") = "ConsoleApp151", "ConsoleApp151\ConsoleApp151.csproj", "{F0C491BC-3154-4916-BDA5-941BCFF97A20}"
EndProject
Global
	GlobalSection(SolutionConfigurationPlatforms) = preSolution
		Debug|Any CPU = Debug|Any CPU
		Release|Any CPU = Release|Any CPU
	EndGlobalSection
	GlobalSection(ProjectConfigurationPlatforms) = postSolution
		{F0C491BC-3154-4916-BDA5-941BCFF97A20}.Debug|Any CPU.ActiveCfg = Debug|Any CPU
		{F0C491BC-3154-4916-BDA5-941BCFF97A20}.Debug|Any CPU.Build.0 = Debug|Any CPU
		{F0C491BC-3154-4916-BDA5-941BCFF97A20}.Release|Any CPU.ActiveCfg = Release|Any CPU
		{F0C491BC-3154-4916-BDA5-941BCFF97A20}.Release|Any CPU.Build.0 = Release|Any CPU
	EndGlobalSection
	GlobalSection(SolutionProperties) = preSolution
		HideSolutionNode = FALSE
	EndGlobalSection
	GlobalSection(ExtensibilityGlobals) = postSolution
		SolutionGuid = {67E4E173-05D9-4B63-B935-A19259234700}
	EndGlobalSection
EndGlobal
