
Microsoft Visual Studio Solution File, Format Version 12.00
# Visual Studio 15
VisualStudioVersion = 15.0.27004.2002
MinimumVisualStudioVersion = 10.0.40219.1
Project("{FAE04EC0-301F-11D3-BF4B-00C04F79EFBC}") = "ConsoleApp297", "ConsoleApp297\ConsoleApp297.csproj", "{D5BA40CA-A392-409D-AD2E-5FEB09449CBB}"
EndProject
Global
	GlobalSection(SolutionConfigurationPlatforms) = preSolution
		Debug|Any CPU = Debug|Any CPU
		Release|Any CPU = Release|Any CPU
	EndGlobalSection
	GlobalSection(ProjectConfigurationPlatforms) = postSolution
		{D5BA40CA-A392-409D-AD2E-5FEB09449CBB}.Debug|Any CPU.ActiveCfg = Debug|Any CPU
		{D5BA40CA-A392-409D-AD2E-5FEB09449CBB}.Debug|Any CPU.Build.0 = Debug|Any CPU
		{D5BA40CA-A392-409D-AD2E-5FEB09449CBB}.Release|Any CPU.ActiveCfg = Release|Any CPU
		{D5BA40CA-A392-409D-AD2E-5FEB09449CBB}.Release|Any CPU.Build.0 = Release|Any CPU
	EndGlobalSection
	GlobalSection(SolutionProperties) = preSolution
		HideSolutionNode = FALSE
	EndGlobalSection
	GlobalSection(ExtensibilityGlobals) = postSolution
		SolutionGuid = {94E2B010-D5DF-482B-8B8B-E01C63277849}
	EndGlobalSection
EndGlobal
