
Microsoft Visual Studio Solution File, Format Version 12.00
# Visual Studio 15
VisualStudioVersion = 15.0.27004.2002
MinimumVisualStudioVersion = 10.0.40219.1
Project("{FAE04EC0-301F-11D3-BF4B-00C04F79EFBC}") = "WcfServiceLibrary7", "WcfServiceLibrary7\WcfServiceLibrary7.csproj", "{E4B0BF08-003F-402C-9A26-C084941DF4E4}"
EndProject
Project("{FAE04EC0-301F-11D3-BF4B-00C04F79EFBC}") = "ConsoleApp1", "ConsoleApp1\ConsoleApp1.csproj", "{077B49E7-5C22-4F45-8D99-3DF671DC63DE}"
EndProject
Global
	GlobalSection(SolutionConfigurationPlatforms) = preSolution
		Debug|Any CPU = Debug|Any CPU
		Release|Any CPU = Release|Any CPU
	EndGlobalSection
	GlobalSection(ProjectConfigurationPlatforms) = postSolution
		{E4B0BF08-003F-402C-9A26-C084941DF4E4}.Debug|Any CPU.ActiveCfg = Debug|Any CPU
		{E4B0BF08-003F-402C-9A26-C084941DF4E4}.Debug|Any CPU.Build.0 = Debug|Any CPU
		{E4B0BF08-003F-402C-9A26-C084941DF4E4}.Release|Any CPU.ActiveCfg = Release|Any CPU
		{E4B0BF08-003F-402C-9A26-C084941DF4E4}.Release|Any CPU.Build.0 = Release|Any CPU
		{077B49E7-5C22-4F45-8D99-3DF671DC63DE}.Debug|Any CPU.ActiveCfg = Debug|Any CPU
		{077B49E7-5C22-4F45-8D99-3DF671DC63DE}.Debug|Any CPU.Build.0 = Debug|Any CPU
		{077B49E7-5C22-4F45-8D99-3DF671DC63DE}.Release|Any CPU.ActiveCfg = Release|Any CPU
		{077B49E7-5C22-4F45-8D99-3DF671DC63DE}.Release|Any CPU.Build.0 = Release|Any CPU
	EndGlobalSection
	GlobalSection(SolutionProperties) = preSolution
		HideSolutionNode = FALSE
	EndGlobalSection
	GlobalSection(ExtensibilityGlobals) = postSolution
		SolutionGuid = {FF438AFD-C0A0-4E19-961A-9B9343FC4BF6}
	EndGlobalSection
EndGlobal
