
Microsoft Visual Studio Solution File, Format Version 12.00
# Visual Studio 15
VisualStudioVersion = 15.0.27004.2002
MinimumVisualStudioVersion = 10.0.40219.1
Project("{FAE04EC0-301F-11D3-BF4B-00C04F79EFBC}") = "WindowsFormsApp5", "WindowsFormsApp5\WindowsFormsApp5.csproj", "{69B80DE4-7ED7-4488-9FFA-8C0A1E299948}"
EndProject
Global
	GlobalSection(SolutionConfigurationPlatforms) = preSolution
		Debug|Any CPU = Debug|Any CPU
		Release|Any CPU = Release|Any CPU
	EndGlobalSection
	GlobalSection(ProjectConfigurationPlatforms) = postSolution
		{69B80DE4-7ED7-4488-9FFA-8C0A1E299948}.Debug|Any CPU.ActiveCfg = Debug|Any CPU
		{69B80DE4-7ED7-4488-9FFA-8C0A1E299948}.Debug|Any CPU.Build.0 = Debug|Any CPU
		{69B80DE4-7ED7-4488-9FFA-8C0A1E299948}.Release|Any CPU.ActiveCfg = Release|Any CPU
		{69B80DE4-7ED7-4488-9FFA-8C0A1E299948}.Release|Any CPU.Build.0 = Release|Any CPU
	EndGlobalSection
	GlobalSection(SolutionProperties) = preSolution
		HideSolutionNode = FALSE
	EndGlobalSection
	GlobalSection(ExtensibilityGlobals) = postSolution
		SolutionGuid = {14D1798E-94AE-425F-B9CA-F2663958139B}
	EndGlobalSection
EndGlobal
