
Microsoft Visual Studio Solution File, Format Version 12.00
# Visual Studio Version 16
VisualStudioVersion = 16.0.28803.452
MinimumVisualStudioVersion = 10.0.40219.1
Project("{FAE04EC0-301F-11D3-BF4B-00C04F79EFBC}") = "WpfApp46", "WpfApp46.csproj", "{464096EE-4911-4B94-93B4-57ACBBADA620}"
	ProjectSection(ProjectDependencies) = postProject
		{B2AC4E12-95CB-4841-A1BC-2DFEB3A266C6} = {B2AC4E12-95CB-4841-A1BC-2DFEB3A266C6}
	EndProjectSection
EndProject
Project("{FAE04EC0-301F-11D3-BF4B-00C04F79EFBC}") = "WCFService", "WCFService\WCFService.csproj", "{B2AC4E12-95CB-4841-A1BC-2DFEB3A266C6}"
EndProject
Project("{FAE04EC0-301F-11D3-BF4B-00C04F79EFBC}") = "SalesModule", "SalesModule\SalesModule.csproj", "{4F0EE7EF-D97E-4131-AC4C-0499E669E264}"
EndProject
Project("{FAE04EC0-301F-11D3-BF4B-00C04F79EFBC}") = "HumanResourceModule", "HumanResourceModule\HumanResourceModule.csproj", "{3A745097-1F23-4BDD-98CA-75D5E7E807E1}"
EndProject
Project("{FAE04EC0-301F-11D3-BF4B-00C04F79EFBC}") = "PersonModule", "PersonModule\PersonModule.csproj", "{0B98030E-30AE-42C9-9647-7D974CCAD4C0}"
EndProject
Project("{FAE04EC0-301F-11D3-BF4B-00C04F79EFBC}") = "ProductionModule", "ProductionModule\ProductionModule.csproj", "{DFB69F74-7244-4400-8706-8796AC4D2401}"
EndProject
Project("{FAE04EC0-301F-11D3-BF4B-00C04F79EFBC}") = "PurchasingModule", "PurchasingModule\PurchasingModule.csproj", "{EB288C26-B9F2-47E3-B394-F6B64649DB81}"
EndProject
Project("{FAE04EC0-301F-11D3-BF4B-00C04F79EFBC}") = "DboModule", "DboModule\DboModule.csproj", "{D847B9F3-B5B3-4E99-918D-FF36D5DE1FEF}"
EndProject
Project("{2150E333-8FDC-42A3-9474-1A3956D46DE8}") = "WCFServices", "WCFServices", "{13C9A7A3-965C-4D26-A395-FB9365BD7C62}"
EndProject
Project("{FAE04EC0-301F-11D3-BF4B-00C04F79EFBC}") = "DBOWCFService", "DBOWCFService\DBOWCFService.csproj", "{15A4C9D9-3A03-461D-8D8C-73CD22E1961E}"
EndProject
Project("{FAE04EC0-301F-11D3-BF4B-00C04F79EFBC}") = "HumanResourceWCFService", "HumanResourceWCFService\HumanResourceWCFService.csproj", "{384B2E3C-4778-449B-AB68-C8068DED4EA4}"
EndProject
Project("{FAE04EC0-301F-11D3-BF4B-00C04F79EFBC}") = "PersonWCFService", "PersonWCFService\PersonWCFService.csproj", "{912AD859-C6A1-47BD-A7E2-EC57930BFBD9}"
EndProject
Project("{FAE04EC0-301F-11D3-BF4B-00C04F79EFBC}") = "ProductionWCFService", "ProductionWCFService\ProductionWCFService.csproj", "{6FB88028-080F-48BE-9B20-1F71D7E8CB54}"
EndProject
Project("{FAE04EC0-301F-11D3-BF4B-00C04F79EFBC}") = "PurchasingWCFService", "PurchasingWCFService\PurchasingWCFService.csproj", "{F994239D-1D92-4AD3-A04E-058673039942}"
EndProject
Project("{FAE04EC0-301F-11D3-BF4B-00C04F79EFBC}") = "SalesWCFService", "SalesWCFService\SalesWCFService.csproj", "{F48B8760-D515-407A-A7B4-F0AC02E8F0E6}"
EndProject
Global
	GlobalSection(SolutionConfigurationPlatforms) = preSolution
		Debug|Any CPU = Debug|Any CPU
		Release|Any CPU = Release|Any CPU
	EndGlobalSection
	GlobalSection(ProjectConfigurationPlatforms) = postSolution
		{464096EE-4911-4B94-93B4-57ACBBADA620}.Debug|Any CPU.ActiveCfg = Debug|Any CPU
		{464096EE-4911-4B94-93B4-57ACBBADA620}.Debug|Any CPU.Build.0 = Debug|Any CPU
		{464096EE-4911-4B94-93B4-57ACBBADA620}.Release|Any CPU.ActiveCfg = Release|Any CPU
		{464096EE-4911-4B94-93B4-57ACBBADA620}.Release|Any CPU.Build.0 = Release|Any CPU
		{B2AC4E12-95CB-4841-A1BC-2DFEB3A266C6}.Debug|Any CPU.ActiveCfg = Debug|Any CPU
		{B2AC4E12-95CB-4841-A1BC-2DFEB3A266C6}.Debug|Any CPU.Build.0 = Debug|Any CPU
		{B2AC4E12-95CB-4841-A1BC-2DFEB3A266C6}.Release|Any CPU.ActiveCfg = Release|Any CPU
		{B2AC4E12-95CB-4841-A1BC-2DFEB3A266C6}.Release|Any CPU.Build.0 = Release|Any CPU
		{4F0EE7EF-D97E-4131-AC4C-0499E669E264}.Debug|Any CPU.ActiveCfg = Debug|Any CPU
		{4F0EE7EF-D97E-4131-AC4C-0499E669E264}.Debug|Any CPU.Build.0 = Debug|Any CPU
		{4F0EE7EF-D97E-4131-AC4C-0499E669E264}.Release|Any CPU.ActiveCfg = Release|Any CPU
		{4F0EE7EF-D97E-4131-AC4C-0499E669E264}.Release|Any CPU.Build.0 = Release|Any CPU
		{3A745097-1F23-4BDD-98CA-75D5E7E807E1}.Debug|Any CPU.ActiveCfg = Debug|Any CPU
		{3A745097-1F23-4BDD-98CA-75D5E7E807E1}.Debug|Any CPU.Build.0 = Debug|Any CPU
		{3A745097-1F23-4BDD-98CA-75D5E7E807E1}.Release|Any CPU.ActiveCfg = Release|Any CPU
		{3A745097-1F23-4BDD-98CA-75D5E7E807E1}.Release|Any CPU.Build.0 = Release|Any CPU
		{0B98030E-30AE-42C9-9647-7D974CCAD4C0}.Debug|Any CPU.ActiveCfg = Debug|Any CPU
		{0B98030E-30AE-42C9-9647-7D974CCAD4C0}.Debug|Any CPU.Build.0 = Debug|Any CPU
		{0B98030E-30AE-42C9-9647-7D974CCAD4C0}.Release|Any CPU.ActiveCfg = Release|Any CPU
		{0B98030E-30AE-42C9-9647-7D974CCAD4C0}.Release|Any CPU.Build.0 = Release|Any CPU
		{DFB69F74-7244-4400-8706-8796AC4D2401}.Debug|Any CPU.ActiveCfg = Debug|Any CPU
		{DFB69F74-7244-4400-8706-8796AC4D2401}.Debug|Any CPU.Build.0 = Debug|Any CPU
		{DFB69F74-7244-4400-8706-8796AC4D2401}.Release|Any CPU.ActiveCfg = Release|Any CPU
		{DFB69F74-7244-4400-8706-8796AC4D2401}.Release|Any CPU.Build.0 = Release|Any CPU
		{EB288C26-B9F2-47E3-B394-F6B64649DB81}.Debug|Any CPU.ActiveCfg = Debug|Any CPU
		{EB288C26-B9F2-47E3-B394-F6B64649DB81}.Debug|Any CPU.Build.0 = Debug|Any CPU
		{EB288C26-B9F2-47E3-B394-F6B64649DB81}.Release|Any CPU.ActiveCfg = Release|Any CPU
		{EB288C26-B9F2-47E3-B394-F6B64649DB81}.Release|Any CPU.Build.0 = Release|Any CPU
		{D847B9F3-B5B3-4E99-918D-FF36D5DE1FEF}.Debug|Any CPU.ActiveCfg = Debug|Any CPU
		{D847B9F3-B5B3-4E99-918D-FF36D5DE1FEF}.Debug|Any CPU.Build.0 = Debug|Any CPU
		{D847B9F3-B5B3-4E99-918D-FF36D5DE1FEF}.Release|Any CPU.ActiveCfg = Release|Any CPU
		{D847B9F3-B5B3-4E99-918D-FF36D5DE1FEF}.Release|Any CPU.Build.0 = Release|Any CPU
		{15A4C9D9-3A03-461D-8D8C-73CD22E1961E}.Debug|Any CPU.ActiveCfg = Debug|Any CPU
		{15A4C9D9-3A03-461D-8D8C-73CD22E1961E}.Debug|Any CPU.Build.0 = Debug|Any CPU
		{15A4C9D9-3A03-461D-8D8C-73CD22E1961E}.Release|Any CPU.ActiveCfg = Release|Any CPU
		{15A4C9D9-3A03-461D-8D8C-73CD22E1961E}.Release|Any CPU.Build.0 = Release|Any CPU
		{384B2E3C-4778-449B-AB68-C8068DED4EA4}.Debug|Any CPU.ActiveCfg = Debug|Any CPU
		{384B2E3C-4778-449B-AB68-C8068DED4EA4}.Debug|Any CPU.Build.0 = Debug|Any CPU
		{384B2E3C-4778-449B-AB68-C8068DED4EA4}.Release|Any CPU.ActiveCfg = Release|Any CPU
		{384B2E3C-4778-449B-AB68-C8068DED4EA4}.Release|Any CPU.Build.0 = Release|Any CPU
		{912AD859-C6A1-47BD-A7E2-EC57930BFBD9}.Debug|Any CPU.ActiveCfg = Debug|Any CPU
		{912AD859-C6A1-47BD-A7E2-EC57930BFBD9}.Debug|Any CPU.Build.0 = Debug|Any CPU
		{912AD859-C6A1-47BD-A7E2-EC57930BFBD9}.Release|Any CPU.ActiveCfg = Release|Any CPU
		{912AD859-C6A1-47BD-A7E2-EC57930BFBD9}.Release|Any CPU.Build.0 = Release|Any CPU
		{6FB88028-080F-48BE-9B20-1F71D7E8CB54}.Debug|Any CPU.ActiveCfg = Debug|Any CPU
		{6FB88028-080F-48BE-9B20-1F71D7E8CB54}.Debug|Any CPU.Build.0 = Debug|Any CPU
		{6FB88028-080F-48BE-9B20-1F71D7E8CB54}.Release|Any CPU.ActiveCfg = Release|Any CPU
		{6FB88028-080F-48BE-9B20-1F71D7E8CB54}.Release|Any CPU.Build.0 = Release|Any CPU
		{F994239D-1D92-4AD3-A04E-058673039942}.Debug|Any CPU.ActiveCfg = Debug|Any CPU
		{F994239D-1D92-4AD3-A04E-058673039942}.Debug|Any CPU.Build.0 = Debug|Any CPU
		{F994239D-1D92-4AD3-A04E-058673039942}.Release|Any CPU.ActiveCfg = Release|Any CPU
		{F994239D-1D92-4AD3-A04E-058673039942}.Release|Any CPU.Build.0 = Release|Any CPU
		{F48B8760-D515-407A-A7B4-F0AC02E8F0E6}.Debug|Any CPU.ActiveCfg = Debug|Any CPU
		{F48B8760-D515-407A-A7B4-F0AC02E8F0E6}.Debug|Any CPU.Build.0 = Debug|Any CPU
		{F48B8760-D515-407A-A7B4-F0AC02E8F0E6}.Release|Any CPU.ActiveCfg = Release|Any CPU
		{F48B8760-D515-407A-A7B4-F0AC02E8F0E6}.Release|Any CPU.Build.0 = Release|Any CPU
	EndGlobalSection
	GlobalSection(SolutionProperties) = preSolution
		HideSolutionNode = FALSE
	EndGlobalSection
	GlobalSection(NestedProjects) = preSolution
		{15A4C9D9-3A03-461D-8D8C-73CD22E1961E} = {13C9A7A3-965C-4D26-A395-FB9365BD7C62}
		{384B2E3C-4778-449B-AB68-C8068DED4EA4} = {13C9A7A3-965C-4D26-A395-FB9365BD7C62}
		{912AD859-C6A1-47BD-A7E2-EC57930BFBD9} = {13C9A7A3-965C-4D26-A395-FB9365BD7C62}
		{6FB88028-080F-48BE-9B20-1F71D7E8CB54} = {13C9A7A3-965C-4D26-A395-FB9365BD7C62}
		{F994239D-1D92-4AD3-A04E-058673039942} = {13C9A7A3-965C-4D26-A395-FB9365BD7C62}
		{F48B8760-D515-407A-A7B4-F0AC02E8F0E6} = {13C9A7A3-965C-4D26-A395-FB9365BD7C62}
	EndGlobalSection
	GlobalSection(ExtensibilityGlobals) = postSolution
		SolutionGuid = {F34E3F99-55C1-4C69-B93E-19B0B0A3766A}
	EndGlobalSection
EndGlobal
