
Microsoft Visual Studio Solution File, Format Version 12.00
# Visual Studio Version 16
VisualStudioVersion = 16.0.28803.452
MinimumVisualStudioVersion = 10.0.40219.1
Project("{FAE04EC0-301F-11D3-BF4B-00C04F79EFBC}") = "WpfApp43", "WpfApp43.csproj", "{5D3F2166-EDCD-4E69-800A-08EEF3E6071E}"
	ProjectSection(ProjectDependencies) = postProject
		{301A6CB7-5F9A-4F1A-90A5-D670BCD69F88} = {301A6CB7-5F9A-4F1A-90A5-D670BCD69F88}
	EndProjectSection
EndProject
Project("{FAE04EC0-301F-11D3-BF4B-00C04F79EFBC}") = "ServerDataTableService", "ServerDataTableService\ServerDataTableService.csproj", "{DFE5B999-88DC-4828-BF33-06DB6D954F53}"
EndProject
Project("{FAE04EC0-301F-11D3-BF4B-00C04F79EFBC}") = "GetServerDataTable", "GetServerDataTable\GetServerDataTable.csproj", "{301A6CB7-5F9A-4F1A-90A5-D670BCD69F88}"
EndProject
Global
	GlobalSection(SolutionConfigurationPlatforms) = preSolution
		Debug|Any CPU = Debug|Any CPU
		Release|Any CPU = Release|Any CPU
	EndGlobalSection
	GlobalSection(ProjectConfigurationPlatforms) = postSolution
		{5D3F2166-EDCD-4E69-800A-08EEF3E6071E}.Debug|Any CPU.ActiveCfg = Debug|Any CPU
		{5D3F2166-EDCD-4E69-800A-08EEF3E6071E}.Debug|Any CPU.Build.0 = Debug|Any CPU
		{5D3F2166-EDCD-4E69-800A-08EEF3E6071E}.Release|Any CPU.ActiveCfg = Release|Any CPU
		{5D3F2166-EDCD-4E69-800A-08EEF3E6071E}.Release|Any CPU.Build.0 = Release|Any CPU
		{DFE5B999-88DC-4828-BF33-06DB6D954F53}.Debug|Any CPU.ActiveCfg = Debug|Any CPU
		{DFE5B999-88DC-4828-BF33-06DB6D954F53}.Debug|Any CPU.Build.0 = Debug|Any CPU
		{DFE5B999-88DC-4828-BF33-06DB6D954F53}.Release|Any CPU.ActiveCfg = Release|Any CPU
		{DFE5B999-88DC-4828-BF33-06DB6D954F53}.Release|Any CPU.Build.0 = Release|Any CPU
		{301A6CB7-5F9A-4F1A-90A5-D670BCD69F88}.Debug|Any CPU.ActiveCfg = Debug|Any CPU
		{301A6CB7-5F9A-4F1A-90A5-D670BCD69F88}.Debug|Any CPU.Build.0 = Debug|Any CPU
		{301A6CB7-5F9A-4F1A-90A5-D670BCD69F88}.Release|Any CPU.ActiveCfg = Release|Any CPU
		{301A6CB7-5F9A-4F1A-90A5-D670BCD69F88}.Release|Any CPU.Build.0 = Release|Any CPU
	EndGlobalSection
	GlobalSection(SolutionProperties) = preSolution
		HideSolutionNode = FALSE
	EndGlobalSection
	GlobalSection(ExtensibilityGlobals) = postSolution
		SolutionGuid = {36E593C1-7A11-45F4-BEBD-292A469AEDD5}
	EndGlobalSection
EndGlobal
