
Microsoft Visual Studio Solution File, Format Version 12.00
# Visual Studio Version 16
VisualStudioVersion = 16.0.28803.452
MinimumVisualStudioVersion = 10.0.40219.1
Project("{FAE04EC0-301F-11D3-BF4B-00C04F79EFBC}") = "WpfApp44", "WpfApp44.csproj", "{C0C180DE-BE47-48D7-A82A-D52F851385C4}"
	ProjectSection(ProjectDependencies) = postProject
		{4E72C008-26FA-4A73-B2A1-429CD163AA17} = {4E72C008-26FA-4A73-B2A1-429CD163AA17}
	EndProjectSection
EndProject
Project("{FAE04EC0-301F-11D3-BF4B-00C04F79EFBC}") = "ServerDBWCFService", "ServerDBWCFService\ServerDBWCFService.csproj", "{4E72C008-26FA-4A73-B2A1-429CD163AA17}"
EndProject
Global
	GlobalSection(SolutionConfigurationPlatforms) = preSolution
		Debug|Any CPU = Debug|Any CPU
		Release|Any CPU = Release|Any CPU
	EndGlobalSection
	GlobalSection(ProjectConfigurationPlatforms) = postSolution
		{C0C180DE-BE47-48D7-A82A-D52F851385C4}.Debug|Any CPU.ActiveCfg = Debug|Any CPU
		{C0C180DE-BE47-48D7-A82A-D52F851385C4}.Debug|Any CPU.Build.0 = Debug|Any CPU
		{C0C180DE-BE47-48D7-A82A-D52F851385C4}.Release|Any CPU.ActiveCfg = Release|Any CPU
		{C0C180DE-BE47-48D7-A82A-D52F851385C4}.Release|Any CPU.Build.0 = Release|Any CPU
		{4E72C008-26FA-4A73-B2A1-429CD163AA17}.Debug|Any CPU.ActiveCfg = Debug|Any CPU
		{4E72C008-26FA-4A73-B2A1-429CD163AA17}.Debug|Any CPU.Build.0 = Debug|Any CPU
		{4E72C008-26FA-4A73-B2A1-429CD163AA17}.Release|Any CPU.ActiveCfg = Release|Any CPU
		{4E72C008-26FA-4A73-B2A1-429CD163AA17}.Release|Any CPU.Build.0 = Release|Any CPU
	EndGlobalSection
	GlobalSection(SolutionProperties) = preSolution
		HideSolutionNode = FALSE
	EndGlobalSection
	GlobalSection(ExtensibilityGlobals) = postSolution
		SolutionGuid = {45C53AE5-64C6-4C54-AF8E-16A96F3614AF}
	EndGlobalSection
EndGlobal
